
Microsoft Visual Studio Solution File, Format Version 12.00
# Visual Studio Version 17
VisualStudioVersion = 17.12.35707.178
MinimumVisualStudioVersion = 10.0.40219.1
Project("{FAE04EC0-301F-11D3-BF4B-00C04F79EFBC}") = "SoftwareSecurity.API", "SoftwareSecurity.API\SoftwareSecurity.API.csproj", "{56398534-8D3D-4D1F-9912-367C515A8DD8}"
EndProject
Project("{FAE04EC0-301F-11D3-BF4B-00C04F79EFBC}") = "SoftwareSecurity.Infrastructure", "SoftwareSecurity.Infrastructure\SoftwareSecurity.Infrastructure.csproj", "{00E35BF0-B79A-4401-A38A-D49C9C8B4A71}"
EndProject
Project("{FAE04EC0-301F-11D3-BF4B-00C04F79EFBC}") = "SoftwareSecurity.Application", "SoftwareSecurity.Application\SoftwareSecurity.Application.csproj", "{60EB8D55-A864-4704-B881-BCE368AAF90C}"
EndProject
Project("{FAE04EC0-301F-11D3-BF4B-00C04F79EFBC}") = "SoftwareSecurity.Domain", "SoftwareSecurity.Domain\SoftwareSecurity.Domain.csproj", "{0070DA25-F9C1-4CB9-BDEA-A972FAFB9775}"
EndProject
Project("{FAE04EC0-301F-11D3-BF4B-00C04F79EFBC}") = "SoftwareSecurity.Persistence", "SoftwareSecurity.Persistence\SoftwareSecurity.Persistence.csproj", "{FB59BA21-179A-4FB1-9922-AE3B249F1881}"
EndProject
Project("{FAE04EC0-301F-11D3-BF4B-00C04F79EFBC}") = "SoftwareSecurity.Tests", "SoftwareSecurity.Tests\SoftwareSecurity.Tests.csproj", "{10A001E8-C4F0-4C00-824E-AD6D9C45BD9A}"
EndProject
Project("{2150E333-8FDC-42A3-9474-1A3956D46DE8}") = "src", "src", "{C35A3F2A-00D2-48B5-9C6E-E24B42F2A610}"
EndProject
Project("{2150E333-8FDC-42A3-9474-1A3956D46DE8}") = "test", "test", "{76D55B29-3F22-480A-98A5-90932893E7D8}"
EndProject
Global
	GlobalSection(SolutionConfigurationPlatforms) = preSolution
		Debug|Any CPU = Debug|Any CPU
		Release|Any CPU = Release|Any CPU
	EndGlobalSection
	GlobalSection(ProjectConfigurationPlatforms) = postSolution
		{56398534-8D3D-4D1F-9912-367C515A8DD8}.Debug|Any CPU.ActiveCfg = Debug|Any CPU
		{56398534-8D3D-4D1F-9912-367C515A8DD8}.Debug|Any CPU.Build.0 = Debug|Any CPU
		{56398534-8D3D-4D1F-9912-367C515A8DD8}.Release|Any CPU.ActiveCfg = Release|Any CPU
		{56398534-8D3D-4D1F-9912-367C515A8DD8}.Release|Any CPU.Build.0 = Release|Any CPU
		{00E35BF0-B79A-4401-A38A-D49C9C8B4A71}.Debug|Any CPU.ActiveCfg = Debug|Any CPU
		{00E35BF0-B79A-4401-A38A-D49C9C8B4A71}.Debug|Any CPU.Build.0 = Debug|Any CPU
		{00E35BF0-B79A-4401-A38A-D49C9C8B4A71}.Release|Any CPU.ActiveCfg = Release|Any CPU
		{00E35BF0-B79A-4401-A38A-D49C9C8B4A71}.Release|Any CPU.Build.0 = Release|Any CPU
		{60EB8D55-A864-4704-B881-BCE368AAF90C}.Debug|Any CPU.ActiveCfg = Debug|Any CPU
		{60EB8D55-A864-4704-B881-BCE368AAF90C}.Debug|Any CPU.Build.0 = Debug|Any CPU
		{60EB8D55-A864-4704-B881-BCE368AAF90C}.Release|Any CPU.ActiveCfg = Release|Any CPU
		{60EB8D55-A864-4704-B881-BCE368AAF90C}.Release|Any CPU.Build.0 = Release|Any CPU
		{0070DA25-F9C1-4CB9-BDEA-A972FAFB9775}.Debug|Any CPU.ActiveCfg = Debug|Any CPU
		{0070DA25-F9C1-4CB9-BDEA-A972FAFB9775}.Debug|Any CPU.Build.0 = Debug|Any CPU
		{0070DA25-F9C1-4CB9-BDEA-A972FAFB9775}.Release|Any CPU.ActiveCfg = Release|Any CPU
		{0070DA25-F9C1-4CB9-BDEA-A972FAFB9775}.Release|Any CPU.Build.0 = Release|Any CPU
		{FB59BA21-179A-4FB1-9922-AE3B249F1881}.Debug|Any CPU.ActiveCfg = Debug|Any CPU
		{FB59BA21-179A-4FB1-9922-AE3B249F1881}.Debug|Any CPU.Build.0 = Debug|Any CPU
		{FB59BA21-179A-4FB1-9922-AE3B249F1881}.Release|Any CPU.ActiveCfg = Release|Any CPU
		{FB59BA21-179A-4FB1-9922-AE3B249F1881}.Release|Any CPU.Build.0 = Release|Any CPU
		{10A001E8-C4F0-4C00-824E-AD6D9C45BD9A}.Debug|Any CPU.ActiveCfg = Debug|Any CPU
		{10A001E8-C4F0-4C00-824E-AD6D9C45BD9A}.Debug|Any CPU.Build.0 = Debug|Any CPU
		{10A001E8-C4F0-4C00-824E-AD6D9C45BD9A}.Release|Any CPU.ActiveCfg = Release|Any CPU
		{10A001E8-C4F0-4C00-824E-AD6D9C45BD9A}.Release|Any CPU.Build.0 = Release|Any CPU
	EndGlobalSection
	GlobalSection(SolutionProperties) = preSolution
		HideSolutionNode = FALSE
	EndGlobalSection
	GlobalSection(NestedProjects) = preSolution
		{56398534-8D3D-4D1F-9912-367C515A8DD8} = {C35A3F2A-00D2-48B5-9C6E-E24B42F2A610}
		{00E35BF0-B79A-4401-A38A-D49C9C8B4A71} = {C35A3F2A-00D2-48B5-9C6E-E24B42F2A610}
		{60EB8D55-A864-4704-B881-BCE368AAF90C} = {C35A3F2A-00D2-48B5-9C6E-E24B42F2A610}
		{0070DA25-F9C1-4CB9-BDEA-A972FAFB9775} = {C35A3F2A-00D2-48B5-9C6E-E24B42F2A610}
		{FB59BA21-179A-4FB1-9922-AE3B249F1881} = {C35A3F2A-00D2-48B5-9C6E-E24B42F2A610}
		{10A001E8-C4F0-4C00-824E-AD6D9C45BD9A} = {76D55B29-3F22-480A-98A5-90932893E7D8}
	EndGlobalSection
EndGlobal
